
Microsoft Visual Studio Solution File, Format Version 12.00
# Visual Studio Version 16
VisualStudioVersion = 16.0.30011.22
MinimumVisualStudioVersion = 10.0.40219.1
Project("{2150E333-8FDC-42A3-9474-1A3956D46DE8}") = "App", "App", "{36E27994-D410-444E-A3C0-0E27F5B7EF04}"
EndProject
Project("{2150E333-8FDC-42A3-9474-1A3956D46DE8}") = "Test", "Test", "{8E028C93-FFD6-4652-A237-B709C4C74785}"
EndProject
Project("{2150E333-8FDC-42A3-9474-1A3956D46DE8}") = "_Doc", "_Doc", "{2869F382-08D2-45C1-B307-D3937580D137}"
	ProjectSection(SolutionItems) = preProject
		Requirement.txt = Requirement.txt
	EndProjectSection
EndProject
Project("{FAE04EC0-301F-11D3-BF4B-00C04F79EFBC}") = "Tdp.GeospatialConverter.Application", "Tdp.GeospatialConverter.Application\Tdp.GeospatialConverter.Application.csproj", "{C483B7A3-C955-4D20-B094-9C5C01716E64}"
EndProject
Project("{FAE04EC0-301F-11D3-BF4B-00C04F79EFBC}") = "Tdp.GeospatialConverter.Application.Tests", "Tdp.GeospatialConverter.Application.Tests\Tdp.GeospatialConverter.Application.Tests.csproj", "{00361834-25AA-42CC-93C5-676E54C2F2BB}"
EndProject
Project("{FAE04EC0-301F-11D3-BF4B-00C04F79EFBC}") = "Tdp.GeospatialConverter.Services.Tests", "Tdp.GeospatialConverter.Services.Tests\Tdp.GeospatialConverter.Services.Tests.csproj", "{F9386629-9E3C-4015-8A80-E7934D4AED86}"
EndProject
Project("{FAE04EC0-301F-11D3-BF4B-00C04F79EFBC}") = "Tdp.GeospatialConverter.Svc", "Tdp.GeospatialConverter.Svc\Tdp.GeospatialConverter.Svc.csproj", "{F0145341-6F53-4841-A298-81E91A839157}"
EndProject
Project("{2150E333-8FDC-42A3-9474-1A3956D46DE8}") = "Specs", "Specs", "{9F4DE33B-C902-4827-A08C-2CD9E9AD272A}"
EndProject
Project("{FAE04EC0-301F-11D3-BF4B-00C04F79EFBC}") = "Tdp.GeospatialConverter.Services.Specs", "Tdp.GeospatialConverter.Services.Specs\Tdp.GeospatialConverter.Services.Specs.csproj", "{5ABD09D9-0369-4DB5-A613-D1FDD8D57CEA}"
EndProject
Global
	GlobalSection(SolutionConfigurationPlatforms) = preSolution
		Debug|Any CPU = Debug|Any CPU
		Release|Any CPU = Release|Any CPU
	EndGlobalSection
	GlobalSection(ProjectConfigurationPlatforms) = postSolution
		{C483B7A3-C955-4D20-B094-9C5C01716E64}.Debug|Any CPU.ActiveCfg = Debug|Any CPU
		{C483B7A3-C955-4D20-B094-9C5C01716E64}.Debug|Any CPU.Build.0 = Debug|Any CPU
		{C483B7A3-C955-4D20-B094-9C5C01716E64}.Release|Any CPU.ActiveCfg = Release|Any CPU
		{C483B7A3-C955-4D20-B094-9C5C01716E64}.Release|Any CPU.Build.0 = Release|Any CPU
		{00361834-25AA-42CC-93C5-676E54C2F2BB}.Debug|Any CPU.ActiveCfg = Debug|Any CPU
		{00361834-25AA-42CC-93C5-676E54C2F2BB}.Debug|Any CPU.Build.0 = Debug|Any CPU
		{00361834-25AA-42CC-93C5-676E54C2F2BB}.Release|Any CPU.ActiveCfg = Release|Any CPU
		{00361834-25AA-42CC-93C5-676E54C2F2BB}.Release|Any CPU.Build.0 = Release|Any CPU
		{F9386629-9E3C-4015-8A80-E7934D4AED86}.Debug|Any CPU.ActiveCfg = Debug|Any CPU
		{F9386629-9E3C-4015-8A80-E7934D4AED86}.Debug|Any CPU.Build.0 = Debug|Any CPU
		{F9386629-9E3C-4015-8A80-E7934D4AED86}.Release|Any CPU.ActiveCfg = Release|Any CPU
		{F9386629-9E3C-4015-8A80-E7934D4AED86}.Release|Any CPU.Build.0 = Release|Any CPU
		{F0145341-6F53-4841-A298-81E91A839157}.Debug|Any CPU.ActiveCfg = Debug|Any CPU
		{F0145341-6F53-4841-A298-81E91A839157}.Debug|Any CPU.Build.0 = Debug|Any CPU
		{F0145341-6F53-4841-A298-81E91A839157}.Release|Any CPU.ActiveCfg = Release|Any CPU
		{F0145341-6F53-4841-A298-81E91A839157}.Release|Any CPU.Build.0 = Release|Any CPU
		{5ABD09D9-0369-4DB5-A613-D1FDD8D57CEA}.Debug|Any CPU.ActiveCfg = Debug|Any CPU
		{5ABD09D9-0369-4DB5-A613-D1FDD8D57CEA}.Debug|Any CPU.Build.0 = Debug|Any CPU
		{5ABD09D9-0369-4DB5-A613-D1FDD8D57CEA}.Release|Any CPU.ActiveCfg = Release|Any CPU
		{5ABD09D9-0369-4DB5-A613-D1FDD8D57CEA}.Release|Any CPU.Build.0 = Release|Any CPU
	EndGlobalSection
	GlobalSection(SolutionProperties) = preSolution
		HideSolutionNode = FALSE
	EndGlobalSection
	GlobalSection(NestedProjects) = preSolution
		{C483B7A3-C955-4D20-B094-9C5C01716E64} = {36E27994-D410-444E-A3C0-0E27F5B7EF04}
		{00361834-25AA-42CC-93C5-676E54C2F2BB} = {8E028C93-FFD6-4652-A237-B709C4C74785}
		{F9386629-9E3C-4015-8A80-E7934D4AED86} = {8E028C93-FFD6-4652-A237-B709C4C74785}
		{F0145341-6F53-4841-A298-81E91A839157} = {36E27994-D410-444E-A3C0-0E27F5B7EF04}
		{5ABD09D9-0369-4DB5-A613-D1FDD8D57CEA} = {9F4DE33B-C902-4827-A08C-2CD9E9AD272A}
	EndGlobalSection
	GlobalSection(ExtensibilityGlobals) = postSolution
		SolutionGuid = {F861A910-C780-4933-A92F-D972F093285C}
	EndGlobalSection
EndGlobal
